
Microsoft Visual Studio Solution File, Format Version 12.00
# Visual Studio Version 17
VisualStudioVersion = 17.5.33424.131
MinimumVisualStudioVersion = 10.0.40219.1
Project("{FAE04EC0-301F-11D3-BF4B-00C04F79EFBC}") = "MoviesTv1", "MoviesTv1.csproj", "{70000C58-AD50-4C17-9B6A-6180C5844F63}"
EndProject
Global
	GlobalSection(SolutionConfigurationPlatforms) = preSolution
		Debug|Any CPU = Debug|Any CPU
		Release|Any CPU = Release|Any CPU
	EndGlobalSection
	GlobalSection(ProjectConfigurationPlatforms) = postSolution
		{70000C58-AD50-4C17-9B6A-6180C5844F63}.Debug|Any CPU.ActiveCfg = Debug|Any CPU
		{70000C58-AD50-4C17-9B6A-6180C5844F63}.Debug|Any CPU.Build.0 = Debug|Any CPU
		{70000C58-AD50-4C17-9B6A-6180C5844F63}.Release|Any CPU.ActiveCfg = Release|Any CPU
		{70000C58-AD50-4C17-9B6A-6180C5844F63}.Release|Any CPU.Build.0 = Release|Any CPU
	EndGlobalSection
	GlobalSection(SolutionProperties) = preSolution
		HideSolutionNode = FALSE
	EndGlobalSection
	GlobalSection(ExtensibilityGlobals) = postSolution
		SolutionGuid = {E25EF24E-1036-4814-8078-BCE7F9D4C916}
	EndGlobalSection
EndGlobal
